
Microsoft Visual Studio Solution File, Format Version 12.00
# Visual Studio Version 16
VisualStudioVersion = 16.0.30517.126
MinimumVisualStudioVersion = 10.0.40219.1
Project("{FAE04EC0-301F-11D3-BF4B-00C04F79EFBC}") = "Load Event", "Load Event.csproj", "{733EE470-6510-41E1-9A01-8C3B1D957938}"
EndProject
Global
	GlobalSection(SolutionConfigurationPlatforms) = preSolution
		Debug|Any CPU = Debug|Any CPU
		Release|Any CPU = Release|Any CPU
	EndGlobalSection
	GlobalSection(ProjectConfigurationPlatforms) = postSolution
		{733EE470-6510-41E1-9A01-8C3B1D957938}.Debug|Any CPU.ActiveCfg = Debug|Any CPU
		{733EE470-6510-41E1-9A01-8C3B1D957938}.Debug|Any CPU.Build.0 = Debug|Any CPU
		{733EE470-6510-41E1-9A01-8C3B1D957938}.Release|Any CPU.ActiveCfg = Release|Any CPU
		{733EE470-6510-41E1-9A01-8C3B1D957938}.Release|Any CPU.Build.0 = Release|Any CPU
	EndGlobalSection
	GlobalSection(SolutionProperties) = preSolution
		HideSolutionNode = FALSE
	EndGlobalSection
	GlobalSection(ExtensibilityGlobals) = postSolution
		SolutionGuid = {59DA7F15-0725-49C6-9C70-0B189FDA8B3A}
	EndGlobalSection
EndGlobal
